{
  "name": "Portfólio Fidel",
  "lockfileVersion": 3,
  "requires": true,
  "packages": {
    "": {
      "dependencies": {
        "lucide": "^0.441.0"
      }
    },
    "node_modules/lucide": {
      "version": "0.441.0",
      "resolved": "https://registry.npmjs.org/lucide/-/lucide-0.441.0.tgz",
      "integrity": "sha512-ajYJgt7JvoXAYIPZDssKrUmsV/XXU20ibQwxKh8LFd2LDFEtKtML4vHCyYr6TIAJI+r9yr6EiK+LpacfVzgfZQ==",
      "license": "ISC"
    }
  }
}
